
Microsoft Visual Studio Solution File, Format Version 12.00
# Visual Studio Version 17
VisualStudioVersion = 17.11.35303.130
MinimumVisualStudioVersion = 10.0.40219.1
Project("{9A19103F-16F7-4668-BE54-9A1E7A4F7556}") = "project-2", "project-2\project-2.csproj", "{0929626C-85E9-4479-B22F-2222B2529F20}"
EndProject
Project("{9A19103F-16F7-4668-BE54-9A1E7A4F7556}") = "Domain", "Domain\Domain.csproj", "{80713221-0E95-4005-BE4E-12DBC43921B3}"
EndProject
Project("{9A19103F-16F7-4668-BE54-9A1E7A4F7556}") = "Persistence", "Persistence\Persistence.csproj", "{3CA2E9BA-C22F-4D82-B1D6-144D6AF7BE08}"
EndProject
Project("{FAE04EC0-301F-11D3-BF4B-00C04F79EFBC}") = "Application", "Application\Application.csproj", "{16D8ADA2-6BB7-49FD-8D91-EA40BC845882}"
EndProject
Global
	GlobalSection(SolutionConfigurationPlatforms) = preSolution
		Debug|Any CPU = Debug|Any CPU
		Release|Any CPU = Release|Any CPU
	EndGlobalSection
	GlobalSection(ProjectConfigurationPlatforms) = postSolution
		{0929626C-85E9-4479-B22F-2222B2529F20}.Debug|Any CPU.ActiveCfg = Debug|Any CPU
		{0929626C-85E9-4479-B22F-2222B2529F20}.Debug|Any CPU.Build.0 = Debug|Any CPU
		{0929626C-85E9-4479-B22F-2222B2529F20}.Release|Any CPU.ActiveCfg = Release|Any CPU
		{0929626C-85E9-4479-B22F-2222B2529F20}.Release|Any CPU.Build.0 = Release|Any CPU
		{80713221-0E95-4005-BE4E-12DBC43921B3}.Debug|Any CPU.ActiveCfg = Debug|Any CPU
		{80713221-0E95-4005-BE4E-12DBC43921B3}.Debug|Any CPU.Build.0 = Debug|Any CPU
		{80713221-0E95-4005-BE4E-12DBC43921B3}.Release|Any CPU.ActiveCfg = Release|Any CPU
		{80713221-0E95-4005-BE4E-12DBC43921B3}.Release|Any CPU.Build.0 = Release|Any CPU
		{3CA2E9BA-C22F-4D82-B1D6-144D6AF7BE08}.Debug|Any CPU.ActiveCfg = Debug|Any CPU
		{3CA2E9BA-C22F-4D82-B1D6-144D6AF7BE08}.Debug|Any CPU.Build.0 = Debug|Any CPU
		{3CA2E9BA-C22F-4D82-B1D6-144D6AF7BE08}.Release|Any CPU.ActiveCfg = Release|Any CPU
		{3CA2E9BA-C22F-4D82-B1D6-144D6AF7BE08}.Release|Any CPU.Build.0 = Release|Any CPU
		{16D8ADA2-6BB7-49FD-8D91-EA40BC845882}.Debug|Any CPU.ActiveCfg = Debug|Any CPU
		{16D8ADA2-6BB7-49FD-8D91-EA40BC845882}.Debug|Any CPU.Build.0 = Debug|Any CPU
		{16D8ADA2-6BB7-49FD-8D91-EA40BC845882}.Release|Any CPU.ActiveCfg = Release|Any CPU
		{16D8ADA2-6BB7-49FD-8D91-EA40BC845882}.Release|Any CPU.Build.0 = Release|Any CPU
	EndGlobalSection
	GlobalSection(SolutionProperties) = preSolution
		HideSolutionNode = FALSE
	EndGlobalSection
	GlobalSection(ExtensibilityGlobals) = postSolution
		SolutionGuid = {753EB0B2-01CC-4645-8630-6A5461CB889A}
	EndGlobalSection
EndGlobal
